
Microsoft Visual Studio Solution File, Format Version 12.00
# Visual Studio Version 17
VisualStudioVersion = 17.8.34309.116
MinimumVisualStudioVersion = 10.0.40219.1
Project("{FAE04EC0-301F-11D3-BF4B-00C04F79EFBC}") = "Proyecto__Optimizacion_Gerardo_Barajas", "Proyecto__Optimizacion_Gerardo_Barajas.csproj", "{EB545F30-87D3-4386-A74F-39394E0E9772}"
EndProject
Global
	GlobalSection(SolutionConfigurationPlatforms) = preSolution
		Debug|Any CPU = Debug|Any CPU
		Release|Any CPU = Release|Any CPU
	EndGlobalSection
	GlobalSection(ProjectConfigurationPlatforms) = postSolution
		{EB545F30-87D3-4386-A74F-39394E0E9772}.Debug|Any CPU.ActiveCfg = Debug|Any CPU
		{EB545F30-87D3-4386-A74F-39394E0E9772}.Debug|Any CPU.Build.0 = Debug|Any CPU
		{EB545F30-87D3-4386-A74F-39394E0E9772}.Release|Any CPU.ActiveCfg = Release|Any CPU
		{EB545F30-87D3-4386-A74F-39394E0E9772}.Release|Any CPU.Build.0 = Release|Any CPU
	EndGlobalSection
	GlobalSection(SolutionProperties) = preSolution
		HideSolutionNode = FALSE
	EndGlobalSection
	GlobalSection(ExtensibilityGlobals) = postSolution
		SolutionGuid = {58846DC8-9EC9-4359-8552-36A03F1DEAF2}
	EndGlobalSection
EndGlobal
